
Microsoft Visual Studio Solution File, Format Version 12.00
# Visual Studio Version 16
VisualStudioVersion = 16.0.30413.136
MinimumVisualStudioVersion = 10.0.40219.1
Project("{FAE04EC0-301F-11D3-BF4B-00C04F79EFBC}") = "Aula03_Strings", "Aula03_Strings\Aula03_Strings.csproj", "{7C54E3CF-9520-44D6-BF4E-47E0A0D34C21}"
EndProject
Global
	GlobalSection(SolutionConfigurationPlatforms) = preSolution
		Debug|Any CPU = Debug|Any CPU
		Release|Any CPU = Release|Any CPU
	EndGlobalSection
	GlobalSection(ProjectConfigurationPlatforms) = postSolution
		{7C54E3CF-9520-44D6-BF4E-47E0A0D34C21}.Debug|Any CPU.ActiveCfg = Debug|Any CPU
		{7C54E3CF-9520-44D6-BF4E-47E0A0D34C21}.Debug|Any CPU.Build.0 = Debug|Any CPU
		{7C54E3CF-9520-44D6-BF4E-47E0A0D34C21}.Release|Any CPU.ActiveCfg = Release|Any CPU
		{7C54E3CF-9520-44D6-BF4E-47E0A0D34C21}.Release|Any CPU.Build.0 = Release|Any CPU
	EndGlobalSection
	GlobalSection(SolutionProperties) = preSolution
		HideSolutionNode = FALSE
	EndGlobalSection
	GlobalSection(ExtensibilityGlobals) = postSolution
		SolutionGuid = {9D1E4CE9-3823-4534-82D3-1CCBC46AD912}
	EndGlobalSection
EndGlobal
